
Microsoft Visual Studio Solution File, Format Version 12.00
# Visual Studio 14
VisualStudioVersion = 14.0.25420.1
MinimumVisualStudioVersion = 10.0.40219.1
Project("{FAE04EC0-301F-11D3-BF4B-00C04F79EFBC}") = "PartOfUmbracoForUnderstandingStyleOfProgramming", "PartOfUmbracoForUnderstandingStyleOfProgramming\PartOfUmbracoForUnderstandingStyleOfProgramming.csproj", "{19F9B67D-2A30-47EA-B598-6AE587159921}"
EndProject
Global
	GlobalSection(SolutionConfigurationPlatforms) = preSolution
		Debug|Any CPU = Debug|Any CPU
		Release|Any CPU = Release|Any CPU
	EndGlobalSection
	GlobalSection(ProjectConfigurationPlatforms) = postSolution
		{19F9B67D-2A30-47EA-B598-6AE587159921}.Debug|Any CPU.ActiveCfg = Debug|Any CPU
		{19F9B67D-2A30-47EA-B598-6AE587159921}.Debug|Any CPU.Build.0 = Debug|Any CPU
		{19F9B67D-2A30-47EA-B598-6AE587159921}.Release|Any CPU.ActiveCfg = Release|Any CPU
		{19F9B67D-2A30-47EA-B598-6AE587159921}.Release|Any CPU.Build.0 = Release|Any CPU
	EndGlobalSection
	GlobalSection(SolutionProperties) = preSolution
		HideSolutionNode = FALSE
	EndGlobalSection
EndGlobal
